
Microsoft Visual Studio Solution File, Format Version 12.00
# Visual Studio Version 16
VisualStudioVersion = 16.0.31112.23
MinimumVisualStudioVersion = 10.0.40219.1
Project("{FAE04EC0-301F-11D3-BF4B-00C04F79EFBC}") = "GoalTracker.Web", "GoalTracker\GoalTracker.Web.csproj", "{7493BFB3-743B-4610-9456-1B67537B2A2E}"
EndProject
Project("{FAE04EC0-301F-11D3-BF4B-00C04F79EFBC}") = "Data", "Data\Data.csproj", "{F1E21FD8-4A0B-4C5C-945C-CEC34E37265C}"
EndProject
Project("{FAE04EC0-301F-11D3-BF4B-00C04F79EFBC}") = "Model", "Model\Model.csproj", "{8AC07AD0-A5A0-41E5-A135-99187A3CC098}"
EndProject
Project("{FAE04EC0-301F-11D3-BF4B-00C04F79EFBC}") = "Service", "Service\Service.csproj", "{9B45C539-3D32-4A28-90B3-D26EEDCDEBBC}"
EndProject
Project("{FAE04EC0-301F-11D3-BF4B-00C04F79EFBC}") = "Test", "Test\Test.csproj", "{7C82A9A4-7F14-4115-9943-FBE912376543}"
EndProject
Global
	GlobalSection(SolutionConfigurationPlatforms) = preSolution
		Debug|Any CPU = Debug|Any CPU
		Release|Any CPU = Release|Any CPU
	EndGlobalSection
	GlobalSection(ProjectConfigurationPlatforms) = postSolution
		{7493BFB3-743B-4610-9456-1B67537B2A2E}.Debug|Any CPU.ActiveCfg = Debug|Any CPU
		{7493BFB3-743B-4610-9456-1B67537B2A2E}.Debug|Any CPU.Build.0 = Debug|Any CPU
		{7493BFB3-743B-4610-9456-1B67537B2A2E}.Release|Any CPU.ActiveCfg = Release|Any CPU
		{7493BFB3-743B-4610-9456-1B67537B2A2E}.Release|Any CPU.Build.0 = Release|Any CPU
		{F1E21FD8-4A0B-4C5C-945C-CEC34E37265C}.Debug|Any CPU.ActiveCfg = Debug|Any CPU
		{F1E21FD8-4A0B-4C5C-945C-CEC34E37265C}.Debug|Any CPU.Build.0 = Debug|Any CPU
		{F1E21FD8-4A0B-4C5C-945C-CEC34E37265C}.Release|Any CPU.ActiveCfg = Release|Any CPU
		{F1E21FD8-4A0B-4C5C-945C-CEC34E37265C}.Release|Any CPU.Build.0 = Release|Any CPU
		{8AC07AD0-A5A0-41E5-A135-99187A3CC098}.Debug|Any CPU.ActiveCfg = Debug|Any CPU
		{8AC07AD0-A5A0-41E5-A135-99187A3CC098}.Debug|Any CPU.Build.0 = Debug|Any CPU
		{8AC07AD0-A5A0-41E5-A135-99187A3CC098}.Release|Any CPU.ActiveCfg = Release|Any CPU
		{8AC07AD0-A5A0-41E5-A135-99187A3CC098}.Release|Any CPU.Build.0 = Release|Any CPU
		{9B45C539-3D32-4A28-90B3-D26EEDCDEBBC}.Debug|Any CPU.ActiveCfg = Debug|Any CPU
		{9B45C539-3D32-4A28-90B3-D26EEDCDEBBC}.Debug|Any CPU.Build.0 = Debug|Any CPU
		{9B45C539-3D32-4A28-90B3-D26EEDCDEBBC}.Release|Any CPU.ActiveCfg = Release|Any CPU
		{9B45C539-3D32-4A28-90B3-D26EEDCDEBBC}.Release|Any CPU.Build.0 = Release|Any CPU
		{7C82A9A4-7F14-4115-9943-FBE912376543}.Debug|Any CPU.ActiveCfg = Debug|Any CPU
		{7C82A9A4-7F14-4115-9943-FBE912376543}.Debug|Any CPU.Build.0 = Debug|Any CPU
		{7C82A9A4-7F14-4115-9943-FBE912376543}.Release|Any CPU.ActiveCfg = Release|Any CPU
		{7C82A9A4-7F14-4115-9943-FBE912376543}.Release|Any CPU.Build.0 = Release|Any CPU
	EndGlobalSection
	GlobalSection(SolutionProperties) = preSolution
		HideSolutionNode = FALSE
	EndGlobalSection
	GlobalSection(ExtensibilityGlobals) = postSolution
		SolutionGuid = {9A962022-94C6-43CC-857B-D5AE220D4387}
	EndGlobalSection
EndGlobal
